// !$*UTF8*$!
{
	archiveVersion = 1;
	classes = {
	};
	objectVersion = 55;
	objects = {

/* Begin PBXBuildFile section */
		B22B48AC279F48410057EDC9 /* firstViewController.swift in Sources */ = {isa = PBXBuildFile; fileRef = B22B48AB279F48410057EDC9 /* firstViewController.swift */; };
		B2C840CB278CD6F700D1CD97 /* AppDelegate.swift in Sources */ = {isa = PBXBuildFile; fileRef = B2C840CA278CD6F700D1CD97 /* AppDelegate.swift */; };
		B2C840CD278CD6F700D1CD97 /* SceneDelegate.swift in Sources */ = {isa = PBXBuildFile; fileRef = B2C840CC278CD6F700D1CD97 /* SceneDelegate.swift */; };
		B2C840CF278CD6F700D1CD97 /* ViewController.swift in Sources */ = {isa = PBXBuildFile; fileRef = B2C840CE278CD6F700D1CD97 /* ViewController.swift */; };
		B2C840D2278CD6F700D1CD97 /* Main.storyboard in Resources */ = {isa = PBXBuildFile; fileRef = B2C840D0278CD6F700D1CD97 /* Main.storyboard */; };
		B2C840D4278CD6F800D1CD97 /* Assets.xcassets in Resources */ = {isa = PBXBuildFile; fileRef = B2C840D3278CD6F800D1CD97 /* Assets.xcassets */; };
		B2C840D7278CD6F800D1CD97 /* LaunchScreen.storyboard in Resources */ = {isa = PBXBuildFile; fileRef = B2C840D5278CD6F800D1CD97 /* LaunchScreen.storyboard */; };
		B2E1C4F927A1EBDB00C63901 /* firstTableViewController.swift in Sources */ = {isa = PBXBuildFile; fileRef = B2E1C4F827A1EBDB00C63901 /* firstTableViewController.swift */; };
		B2E1C4FB27A1F75600C63901 /* detailViewController.swift in Sources */ = {isa = PBXBuildFile; fileRef = B2E1C4FA27A1F75600C63901 /* detailViewController.swift */; };
/* End PBXBuildFile section */

/* Begin PBXFileReference section */
		B22B48AB279F48410057EDC9 /* firstViewController.swift */ = {isa = PBXFileReference; lastKnownFileType = sourcecode.swift; path = firstViewController.swift; sourceTree = "<group>"; };
		B2C840C7278CD6F700D1CD97 /* CS207.app */ = {isa = PBXFileReference; explicitFileType = wrapper.application; includeInIndex = 0; path = CS207.app; sourceTree = BUILT_PRODUCTS_DIR; };
		B2C840CA278CD6F700D1CD97 /* AppDelegate.swift */ = {isa = PBXFileReference; lastKnownFileType = sourcecode.swift; path = AppDelegate.swift; sourceTree = "<group>"; };
		B2C840CC278CD6F700D1CD97 /* SceneDelegate.swift */ = {isa = PBXFileReference; lastKnownFileType = sourcecode.swift; path = SceneDelegate.swift; sourceTree = "<group>"; };
		B2C840CE278CD6F700D1CD97 /* ViewController.swift */ = {isa = PBXFileReference; lastKnownFileType = sourcecode.swift; path = ViewController.swift; sourceTree = "<group>"; };
		B2C840D1278CD6F700D1CD97 /* Base */ = {isa = PBXFileReference; lastKnownFileType = file.storyboard; name = Base; path = Base.lproj/Main.storyboard; sourceTree = "<group>"; };
		B2C840D3278CD6F800D1CD97 /* Assets.xcassets */ = {isa = PBXFileReference; lastKnownFileType = folder.assetcatalog; path = Assets.xcassets; sourceTree = "<group>"; };
		B2C840D6278CD6F800D1CD97 /* Base */ = {isa = PBXFileReference; lastKnownFileType = file.storyboard; name = Base; path = Base.lproj/LaunchScreen.storyboard; sourceTree = "<group>"; };
		B2C840D8278CD6F800D1CD97 /* Info.plist */ = {isa = PBXFileReference; lastKnownFileType = text.plist.xml; path = Info.plist; sourceTree = "<group>"; };
		B2E1C4F827A1EBDB00C63901 /* firstTableViewController.swift */ = {isa = PBXFileReference; lastKnownFileType = sourcecode.swift; path = firstTableViewController.swift; sourceTree = "<group>"; };
		B2E1C4FA27A1F75600C63901 /* detailViewController.swift */ = {isa = PBXFileReference; lastKnownFileType = sourcecode.swift; path = detailViewController.swift; sourceTree = "<group>"; };
/* End PBXFileReference section */

/* Begin PBXFrameworksBuildPhase section */
		B2C840C4278CD6F700D1CD97 /* Frameworks */ = {
			isa = PBXFrameworksBuildPhase;
			buildActionMask = 2147483647;
			files = (
			);
			runOnlyForDeploymentPostprocessing = 0;
		};
/* End PBXFrameworksBuildPhase section */

/* Begin PBXGroup section */
		B2C840BE278CD6F700D1CD97 = {
			isa = PBXGroup;
			children = (
				B2C840C9278CD6F700D1CD97 /* CS207 */,
				B2C840C8278CD6F700D1CD97 /* Products */,
			);
			sourceTree = "<group>";
		};
		B2C840C8278CD6F700D1CD97 /* Products */ = {
			isa = PBXGroup;
			children = (
				B2C840C7278CD6F700D1CD97 /* CS207.app */,
			);
			name = Products;
			sourceTree = "<group>";
		};
		B2C840C9278CD6F700D1CD97 /* CS207 */ = {
			isa = PBXGroup;
			children = (
				B2C840CA278CD6F700D1CD97 /* AppDelegate.swift */,
				B2C840CC278CD6F700D1CD97 /* SceneDelegate.swift */,
				B2C840CE278CD6F700D1CD97 /* ViewController.swift */,
				B2C840D0278CD6F700D1CD97 /* Main.storyboard */,
				B2C840D3278CD6F800D1CD97 /* Assets.xcassets */,
				B2C840D5278CD6F800D1CD97 /* LaunchScreen.storyboard */,
				B2C840D8278CD6F800D1CD97 /* Info.plist */,
				B22B48AB279F48410057EDC9 /* firstViewController.swift */,
				B2E1C4F827A1EBDB00C63901 /* firstTableViewController.swift */,
				B2E1C4FA27A1F75600C63901 /* detailViewController.swift */,
			);
			path = CS207;
			sourceTree = "<group>";
		};
/* End PBXGroup section */

/* Begin PBXNativeTarget section */
		B2C840C6278CD6F700D1CD97 /* CS207 */ = {
			isa = PBXNativeTarget;
			buildConfigurationList = B2C840DB278CD6F800D1CD97 /* Build configuration list for PBXNativeTarget "CS207" */;
			buildPhases = (
				B2C840C3278CD6F700D1CD97 /* Sources */,
				B2C840C4278CD6F700D1CD97 /* Frameworks */,
				B2C840C5278CD6F700D1CD97 /* Resources */,
			);
			buildRules = (
			);
			dependencies = (
			);
			name = CS207;
			productName = CS207;
			productReference = B2C840C7278CD6F700D1CD97 /* CS207.app */;
			productType = "com.apple.product-type.application";
		};
/* End PBXNativeTarget section */

/* Begin PBXProject section */
		B2C840BF278CD6F700D1CD97 /* Project object */ = {
			isa = PBXProject;
			attributes = {
				BuildIndependentTargetsInParallel = 1;
				LastSwiftUpdateCheck = 1320;
				LastUpgradeCheck = 1320;
				TargetAttributes = {
					B2C840C6278CD6F700D1CD97 = {
						CreatedOnToolsVersion = 13.2.1;
					};
				};
			};
			buildConfigurationList = B2C840C2278CD6F700D1CD97 /* Build configuration list for PBXProject "CS207" */;
			compatibilityVersion = "Xcode 13.0";
			developmentRegion = en;
			hasScannedForEncodings = 0;
			knownRegions = (
				en,
				Base,
			);
			mainGroup = B2C840BE278CD6F700D1CD97;
			productRefGroup = B2C840C8278CD6F700D1CD97 /* Products */;
			projectDirPath = "";
			projectRoot = "";
			targets = (
				B2C840C6278CD6F700D1CD97 /* CS207 */,
			);
		};
/* End PBXProject section */

/* Begin PBXResourcesBuildPhase section */
		B2C840C5278CD6F700D1CD97 /* Resources */ = {
			isa = PBXResourcesBuildPhase;
			buildActionMask = 2147483647;
			files = (
				B2C840D7278CD6F800D1CD97 /* LaunchScreen.storyboard in Resources */,
				B2C840D4278CD6F800D1CD97 /* Assets.xcassets in Resources */,
				B2C840D2278CD6F700D1CD97 /* Main.storyboard in Resources */,
			);
			runOnlyForDeploymentPostprocessing = 0;
		};
/* End PBXResourcesBuildPhase section */

/* Begin PBXSourcesBuildPhase section */
		B2C840C3278CD6F700D1CD97 /* Sources */ = {
			isa = PBXSourcesBuildPhase;
			buildActionMask = 2147483647;
			files = (
				B2C840CF278CD6F700D1CD97 /* ViewController.swift in Sources */,
				B2E1C4F927A1EBDB00C63901 /* firstTableViewController.swift in Sources */,
				B2C840CB278CD6F700D1CD97 /* AppDelegate.swift in Sources */,
				B2C840CD278CD6F700D1CD97 /* SceneDelegate.swift in Sources */,
				B22B48AC279F48410057EDC9 /* firstViewController.swift in Sources */,
				B2E1C4FB27A1F75600C63901 /* detailViewController.swift in Sources */,
			);
			runOnlyForDeploymentPostprocessing = 0;
		};
/* End PBXSourcesBuildPhase section */

/* Begin PBXVariantGroup section */
		B2C840D0278CD6F700D1CD97 /* Main.storyboard */ = {
			isa = PBXVariantGroup;
			children = (
				B2C840D1278CD6F700D1CD97 /* Base */,
			);
			name = Main.storyboard;
			sourceTree = "<group>";
		};
		B2C840D5278CD6F800D1CD97 /* LaunchScreen.storyboard */ = {
			isa = PBXVariantGroup;
			children = (
				B2C840D6278CD6F800D1CD97 /* Base */,
			);
			name = LaunchScreen.storyboard;
			sourceTree = "<group>";
		};
/* End PBXVariantGroup section */

/* Begin XCBuildConfiguration section */
		B2C840D9278CD6F800D1CD97 /* Debug */ = {
			isa = XCBuildConfiguration;
			buildSettings = {
				ALWAYS_SEARCH_USER_PATHS = NO;
				CLANG_ANALYZER_NONNULL = YES;
				CLANG_ANALYZER_NUMBER_OBJECT_CONVERSION = YES_AGGRESSIVE;
				CLANG_CXX_LANGUAGE_STANDARD = "gnu++17";
				CLANG_CXX_LIBRARY = "libc++";
				CLANG_ENABLE_MODULES = YES;
				CLANG_ENABLE_OBJC_ARC = YES;
				CLANG_ENABLE_OBJC_WEAK = YES;
				CLANG_WARN_BLOCK_CAPTURE_AUTORELEASING = YES;
				CLANG_WARN_BOOL_CONVERSION = YES;
				CLANG_WARN_COMMA = YES;
				CLANG_WARN_CONSTANT_CONVERSION = YES;
				CLANG_WARN_DEPRECATED_OBJC_IMPLEMENTATIONS = YES;
				CLANG_WARN_DIRECT_OBJC_ISA_USAGE = YES_ERROR;
				CLANG_WARN_DOCUMENTATION_COMMENTS = YES;
				CLANG_WARN_EMPTY_BODY = YES;
				CLANG_WARN_ENUM_CONVERSION = YES;
				CLANG_WARN_INFINITE_RECURSION = YES;
				CLANG_WARN_INT_CONVERSION = YES;
				CLANG_WARN_NON_LITERAL_NULL_CONVERSION = YES;
				CLANG_WARN_OBJC_IMPLICIT_RETAIN_SELF = YES;
				CLANG_WARN_OBJC_LITERAL_CONVERSION = YES;
				CLANG_WARN_OBJC_ROOT_CLASS = YES_ERROR;
				CLANG_WARN_QUOTED_INCLUDE_IN_FRAMEWORK_HEADER = YES;
				CLANG_WARN_RANGE_LOOP_ANALYSIS = YES;
				CLANG_WARN_STRICT_PROTOTYPES = YES;
				CLANG_WARN_SUSPICIOUS_MOVE = YES;
				CLANG_WARN_UNGUARDED_AVAILABILITY = YES_AGGRESSIVE;
				CLANG_WARN_UNREACHABLE_CODE = YES;
				CLANG_WARN__DUPLICATE_METHOD_MATCH = YES;
				COPY_PHASE_STRIP = NO;
				DEBUG_INFORMATION_FORMAT = dwarf;
				ENABLE_STRICT_OBJC_MSGSEND = YES;
				ENABLE_TESTABILITY = YES;
				GCC_C_LANGUAGE_STANDARD = gnu11;
				GCC_DYNAMIC_NO_PIC = NO;
				GCC_NO_COMMON_BLOCKS = YES;
				GCC_OPTIMIZATION_LEVEL = 0;
				GCC_PREPROCESSOR_DEFINITIONS = (
					"DEBUG=1",
					"$(inherited)",
				);
				GCC_WARN_64_TO_32_BIT_CONVERSION = YES;
				GCC_WARN_ABOUT_RETURN_TYPE = YES_ERROR;
				GCC_WARN_UNDECLARED_SELECTOR = YES;
				GCC_WARN_UNINITIALIZED_AUTOS = YES_AGGRESSIVE;
				GCC_WARN_UNUSED_FUNCTION = YES;
				GCC_WARN_UNUSED_VARIABLE = YES;
				IPHONEOS_DEPLOYMENT_TARGET = 15.2;
				MTL_ENABLE_DEBUG_INFO = INCLUDE_SOURCE;
				MTL_FAST_MATH = YES;
				ONLY_ACTIVE_ARCH = YES;
				SDKROOT = iphoneos;
				SWIFT_ACTIVE_COMPILATION_CONDITIONS = DEBUG;
				SWIFT_OPTIMIZATION_LEVEL = "-Onone";
			};
			name = Debug;
		};
		B2C840DA278CD6F800D1CD97 /* Release */ = {
			isa = XCBuildConfiguration;
			buildSettings = {
				ALWAYS_SEARCH_USER_PATHS = NO;
				CLANG_ANALYZER_NONNULL = YES;
				CLANG_ANALYZER_NUMBER_OBJECT_CONVERSION = YES_AGGRESSIVE;
				CLANG_CXX_LANGUAGE_STANDARD = "gnu++17";
				CLANG_CXX_LIBRARY = "libc++";
				CLANG_ENABLE_MODULES = YES;
				CLANG_ENABLE_OBJC_ARC = YES;
				CLANG_ENABLE_OBJC_WEAK = YES;
				CLANG_WARN_BLOCK_CAPTURE_AUTORELEASING = YES;
				CLANG_WARN_BOOL_CONVERSION = YES;
				CLANG_WARN_COMMA = YES;
				CLANG_WARN_CONSTANT_CONVERSION = YES;
				CLANG_WARN_DEPRECATED_OBJC_IMPLEMENTATIONS = YES;
				CLANG_WARN_DIRECT_OBJC_ISA_USAGE = YES_ERROR;
				CLANG_WARN_DOCUMENTATION_COMMENTS = YES;
				CLANG_WARN_EMPTY_BODY = YES;
				CLANG_WARN_ENUM_CONVERSION = YES;
				CLANG_WARN_INFINITE_RECURSION = YES;
				CLANG_WARN_INT_CONVERSION = YES;
				CLANG_WARN_NON_LITERAL_NULL_CONVERSION = YES;
				CLANG_WARN_OBJC_IMPLICIT_RETAIN_SELF = YES;
				CLANG_WARN_OBJC_LITERAL_CONVERSION = YES;
				CLANG_WARN_OBJC_ROOT_CLASS = YES_ERROR;
				CLANG_WARN_QUOTED_INCLUDE_IN_FRAMEWORK_HEADER = YES;
				CLANG_WARN_RANGE_LOOP_ANALYSIS = YES;
				CLANG_WARN_STRICT_PROTOTYPES = YES;
				CLANG_WARN_SUSPICIOUS_MOVE = YES;
				CLANG_WARN_UNGUARDED_AVAILABILITY = YES_AGGRESSIVE;
				CLANG_WARN_UNREACHABLE_CODE = YES;
				CLANG_WARN__DUPLICATE_METHOD_MATCH = YES;
				COPY_PHASE_STRIP = NO;
				DEBUG_INFORMATION_FORMAT = "dwarf-with-dsym";
				ENABLE_NS_ASSERTIONS = NO;
				ENABLE_STRICT_OBJC_MSGSEND = YES;
				GCC_C_LANGUAGE_STANDARD = gnu11;
				GCC_NO_COMMON_BLOCKS = YES;
				GCC_WARN_64_TO_32_BIT_CONVERSION = YES;
				GCC_WARN_ABOUT_RETURN_TYPE = YES_ERROR;
				GCC_WARN_UNDECLARED_SELECTOR = YES;
				GCC_WARN_UNINITIALIZED_AUTOS = YES_AGGRESSIVE;
				GCC_WARN_UNUSED_FUNCTION = YES;
				GCC_WARN_UNUSED_VARIABLE = YES;
				IPHONEOS_DEPLOYMENT_TARGET = 15.2;
				MTL_ENABLE_DEBUG_INFO = NO;
				MTL_FAST_MATH = YES;
				SDKROOT = iphoneos;
				SWIFT_COMPILATION_MODE = wholemodule;
				SWIFT_OPTIMIZATION_LEVEL = "-O";
				VALIDATE_PRODUCT = YES;
			};
			name = Release;
		};
		B2C840DC278CD6F800D1CD97 /* Debug */ = {
			isa = XCBuildConfiguration;
			buildSettings = {
				ASSETCATALOG_COMPILER_APPICON_NAME = AppIcon;
				ASSETCATALOG_COMPILER_GLOBAL_ACCENT_COLOR_NAME = AccentColor;
				CODE_SIGN_STYLE = Automatic;
				CURRENT_PROJECT_VERSION = 1;
				DEVELOPMENT_TEAM = 35TS5MX8W7;
				GENERATE_INFOPLIST_FILE = YES;
				INFOPLIST_FILE = CS207/Info.plist;
				INFOPLIST_KEY_UIApplicationSupportsIndirectInputEvents = YES;
				INFOPLIST_KEY_UILaunchStoryboardName = LaunchScreen;
				INFOPLIST_KEY_UIMainStoryboardFile = Main;
				INFOPLIST_KEY_UISupportedInterfaceOrientations_iPad = "UIInterfaceOrientationPortrait UIInterfaceOrientationPortraitUpsideDown UIInterfaceOrientationLandscapeLeft UIInterfaceOrientationLandscapeRight";
				INFOPLIST_KEY_UISupportedInterfaceOrientations_iPhone = "UIInterfaceOrientationPortrait UIInterfaceOrientationLandscapeLeft UIInterfaceOrientationLandscapeRight";
				LD_RUNPATH_SEARCH_PATHS = (
					"$(inherited)",
					"@executable_path/Frameworks",
				);
				MARKETING_VERSION = 1.0;
				PRODUCT_BUNDLE_IDENTIFIER = com.jpes707.CS207;
				PRODUCT_NAME = "$(TARGET_NAME)";
				SWIFT_EMIT_LOC_STRINGS = YES;
				SWIFT_VERSION = 5.0;
				TARGETED_DEVICE_FAMILY = "1,2";
			};
			name = Debug;
		};
		B2C840DD278CD6F800D1CD97 /* Release */ = {
			isa = XCBuildConfiguration;
			buildSettings = {
				ASSETCATALOG_COMPILER_APPICON_NAME = AppIcon;
				ASSETCATALOG_COMPILER_GLOBAL_ACCENT_COLOR_NAME = AccentColor;
				CODE_SIGN_STYLE = Automatic;
				CURRENT_PROJECT_VERSION = 1;
				DEVELOPMENT_TEAM = 35TS5MX8W7;
				GENERATE_INFOPLIST_FILE = YES;
				INFOPLIST_FILE = CS207/Info.plist;
				INFOPLIST_KEY_UIApplicationSupportsIndirectInputEvents = YES;
				INFOPLIST_KEY_UILaunchStoryboardName = LaunchScreen;
				INFOPLIST_KEY_UIMainStoryboardFile = Main;
				INFOPLIST_KEY_UISupportedInterfaceOrientations_iPad = "UIInterfaceOrientationPortrait UIInterfaceOrientationPortraitUpsideDown UIInterfaceOrientationLandscapeLeft UIInterfaceOrientationLandscapeRight";
				INFOPLIST_KEY_UISupportedInterfaceOrientations_iPhone = "UIInterfaceOrientationPortrait UIInterfaceOrientationLandscapeLeft UIInterfaceOrientationLandscapeRight";
				LD_RUNPATH_SEARCH_PATHS = (
					"$(inherited)",
					"@executable_path/Frameworks",
				);
				MARKETING_VERSION = 1.0;
				PRODUCT_BUNDLE_IDENTIFIER = com.jpes707.CS207;
				PRODUCT_NAME = "$(TARGET_NAME)";
				SWIFT_EMIT_LOC_STRINGS = YES;
				SWIFT_VERSION = 5.0;
				TARGETED_DEVICE_FAMILY = "1,2";
			};
			name = Release;
		};
/* End XCBuildConfiguration section */

/* Begin XCConfigurationList section */
		B2C840C2278CD6F700D1CD97 /* Build configuration list for PBXProject "CS207" */ = {
			isa = XCConfigurationList;
			buildConfigurations = (
				B2C840D9278CD6F800D1CD97 /* Debug */,
				B2C840DA278CD6F800D1CD97 /* Release */,
			);
			defaultConfigurationIsVisible = 0;
			defaultConfigurationName = Release;
		};
		B2C840DB278CD6F800D1CD97 /* Build configuration list for PBXNativeTarget "CS207" */ = {
			isa = XCConfigurationList;
			buildConfigurations = (
				B2C840DC278CD6F800D1CD97 /* Debug */,
				B2C840DD278CD6F800D1CD97 /* Release */,
			);
			defaultConfigurationIsVisible = 0;
			defaultConfigurationName = Release;
		};
/* End XCConfigurationList section */
	};
	rootObject = B2C840BF278CD6F700D1CD97 /* Project object */;
}
